
Microsoft Visual Studio Solution File, Format Version 12.00
# Visual Studio Version 17
VisualStudioVersion = 17.0.32112.339
MinimumVisualStudioVersion = 10.0.40219.1
Project("{FAE04EC0-301F-11D3-BF4B-00C04F79EFBC}") = "ProyectoEntityFramework", "ProyectoEntityFramework\ProyectoEntityFramework.csproj", "{20AEFAFD-D768-44CF-AD0B-D328FA31E2D3}"
EndProject
Global
	GlobalSection(SolutionConfigurationPlatforms) = preSolution
		Debug|Any CPU = Debug|Any CPU
		Release|Any CPU = Release|Any CPU
	EndGlobalSection
	GlobalSection(ProjectConfigurationPlatforms) = postSolution
		{20AEFAFD-D768-44CF-AD0B-D328FA31E2D3}.Debug|Any CPU.ActiveCfg = Debug|Any CPU
		{20AEFAFD-D768-44CF-AD0B-D328FA31E2D3}.Debug|Any CPU.Build.0 = Debug|Any CPU
		{20AEFAFD-D768-44CF-AD0B-D328FA31E2D3}.Release|Any CPU.ActiveCfg = Release|Any CPU
		{20AEFAFD-D768-44CF-AD0B-D328FA31E2D3}.Release|Any CPU.Build.0 = Release|Any CPU
	EndGlobalSection
	GlobalSection(SolutionProperties) = preSolution
		HideSolutionNode = FALSE
	EndGlobalSection
	GlobalSection(ExtensibilityGlobals) = postSolution
		SolutionGuid = {6C7D8B3A-E2F3-49E8-A3D4-713E36D91E58}
	EndGlobalSection
EndGlobal
